PODS:
  - NSRunLoop+PerformBlock (0.2.0)
  - YSProcessTimer (0.0.9)

DEPENDENCIES:
  - NSRunLoop+PerformBlock
  - YSProcessTimer (from `https://github.com/yusuga/YSProcessTimer.git`)

EXTERNAL SOURCES:
  YSProcessTimer:
    :git: https://github.com/yusuga/YSProcessTimer.git

CHECKOUT OPTIONS:
  YSProcessTimer:
    :commit: 2433a8679f5ed7d502ebff894fb1edc4e1f5bffd
    :git: https://github.com/yusuga/YSProcessTimer.git

SPEC CHECKSUMS:
  NSRunLoop+PerformBlock: 7ff5674d72dc5da5d31aeb1901286ae126684896
  YSProcessTimer: 954d136f762289de4ff7a9ee2243453ddd07e189

COCOAPODS: 0.39.0
